
Microsoft Visual Studio Solution File, Format Version 12.00
# Visual Studio 15
VisualStudioVersion = 15.0.28010.2016
MinimumVisualStudioVersion = 10.0.40219.1
Project("{FAE04EC0-301F-11D3-BF4B-00C04F79EFBC}") = "ActivityWinForms", "ActivityWinForms\ActivityWinForms.csproj", "{DEA16F20-FD3E-4A84-90B1-D56B72416853}"
EndProject
Global
	GlobalSection(SolutionConfigurationPlatforms) = preSolution
		Debug|Any CPU = Debug|Any CPU
		Release|Any CPU = Release|Any CPU
	EndGlobalSection
	GlobalSection(ProjectConfigurationPlatforms) = postSolution
		{DEA16F20-FD3E-4A84-90B1-D56B72416853}.Debug|Any CPU.ActiveCfg = Debug|Any CPU
		{DEA16F20-FD3E-4A84-90B1-D56B72416853}.Debug|Any CPU.Build.0 = Debug|Any CPU
		{DEA16F20-FD3E-4A84-90B1-D56B72416853}.Release|Any CPU.ActiveCfg = Release|Any CPU
		{DEA16F20-FD3E-4A84-90B1-D56B72416853}.Release|Any CPU.Build.0 = Release|Any CPU
	EndGlobalSection
	GlobalSection(SolutionProperties) = preSolution
		HideSolutionNode = FALSE
	EndGlobalSection
	GlobalSection(ExtensibilityGlobals) = postSolution
		SolutionGuid = {A12CB6A5-ECD6-4544-A872-DB123814706A}
	EndGlobalSection
EndGlobal
